{
  "name": "npm-basic-fixture",
  "version": "1.0.0",
  "lockfileVersion": 3,
  "requires": true,
  "packages": {
    "": {
      "name": "npm-basic-fixture",
      "version": "1.0.0",
      "dependencies": {
        "fixture-module": "file:../quality-basic/module"
      }
    },
    "../quality-basic/module": {
      "name": "fixture-module",
      "version": "1.0.0"
    },
    "node_modules/fixture-module": {
      "resolved": "../quality-basic/module",
      "link": true
    }
  }
}
