{
  "name": "security-basic-fixture",
  "version": "1.0.0",
  "lockfileVersion": 3,
  "requires": true,
  "packages": {
    "": {
      "name": "security-basic-fixture",
      "version": "1.0.0",
      "dependencies": {
        "is-number": "7.0.0"
      }
    },
    "node_modules/is-number": {
      "version": "7.0.0",
      "resolved": "https://registry.npmjs.org/is-number/-/is-number-7.0.0.tgz",
      "integrity": "sha1-dTU0W4lnNNX4DE0GxQlVUnoU8Ss=",
      "license": "MIT",
      "engines": {
        "node": ">=0.12.0"
      }
    }
  }
}
